
Microsoft Visual Studio Solution File, Format Version 12.00
# Visual Studio 2013
VisualStudioVersion = 12.0.21005.1
MinimumVisualStudioVersion = 10.0.40219.1
Project("{FAE04EC0-301F-11D3-BF4B-00C04F79EFBC}") = "Wormhole", "Wormhole\Wormhole.csproj", "{F5248B87-F58E-4D4F-BE7E-085F46C3A440}"
EndProject
Project("{FAE04EC0-301F-11D3-BF4B-00C04F79EFBC}") = "SampleClient", "SampleClient\SampleClient.csproj", "{95FD3FD9-E8B4-46B6-82BF-49D3404F8999}"
EndProject
Project("{FAE04EC0-301F-11D3-BF4B-00C04F79EFBC}") = "SampleService", "SampleService\SampleService.csproj", "{7F07A3E4-0FEA-4384-8ECE-784D5A108947}"
EndProject
Project("{FAE04EC0-301F-11D3-BF4B-00C04F79EFBC}") = "Contracts", "Contracts\Contracts.csproj", "{2E4ED5A2-347C-4D8A-A712-719F4BDE233C}"
EndProject
Project("{FAE04EC0-301F-11D3-BF4B-00C04F79EFBC}") = "Wormhole.Sample", "Wormhole.Sample\Wormhole.Sample.csproj", "{D03A2378-876A-4D56-92AF-1972EC2DA09D}"
EndProject
Project("{FAE04EC0-301F-11D3-BF4B-00C04F79EFBC}") = "Wormhole.Contrib", "Wormhole.Contrib\Wormhole.Contrib.csproj", "{1E2F6EA3-5881-4777-9CAF-8B8788B0D187}"
EndProject
Global
	GlobalSection(SolutionConfigurationPlatforms) = preSolution
		Debug|Any CPU = Debug|Any CPU
		Release|Any CPU = Release|Any CPU
	EndGlobalSection
	GlobalSection(ProjectConfigurationPlatforms) = postSolution
		{F5248B87-F58E-4D4F-BE7E-085F46C3A440}.Debug|Any CPU.ActiveCfg = Debug|Any CPU
		{F5248B87-F58E-4D4F-BE7E-085F46C3A440}.Debug|Any CPU.Build.0 = Debug|Any CPU
		{F5248B87-F58E-4D4F-BE7E-085F46C3A440}.Release|Any CPU.ActiveCfg = Release|Any CPU
		{F5248B87-F58E-4D4F-BE7E-085F46C3A440}.Release|Any CPU.Build.0 = Release|Any CPU
		{95FD3FD9-E8B4-46B6-82BF-49D3404F8999}.Debug|Any CPU.ActiveCfg = Debug|Any CPU
		{95FD3FD9-E8B4-46B6-82BF-49D3404F8999}.Debug|Any CPU.Build.0 = Debug|Any CPU
		{95FD3FD9-E8B4-46B6-82BF-49D3404F8999}.Release|Any CPU.ActiveCfg = Release|Any CPU
		{95FD3FD9-E8B4-46B6-82BF-49D3404F8999}.Release|Any CPU.Build.0 = Release|Any CPU
		{7F07A3E4-0FEA-4384-8ECE-784D5A108947}.Debug|Any CPU.ActiveCfg = Debug|Any CPU
		{7F07A3E4-0FEA-4384-8ECE-784D5A108947}.Debug|Any CPU.Build.0 = Debug|Any CPU
		{7F07A3E4-0FEA-4384-8ECE-784D5A108947}.Release|Any CPU.ActiveCfg = Release|Any CPU
		{7F07A3E4-0FEA-4384-8ECE-784D5A108947}.Release|Any CPU.Build.0 = Release|Any CPU
		{2E4ED5A2-347C-4D8A-A712-719F4BDE233C}.Debug|Any CPU.ActiveCfg = Debug|Any CPU
		{2E4ED5A2-347C-4D8A-A712-719F4BDE233C}.Debug|Any CPU.Build.0 = Debug|Any CPU
		{2E4ED5A2-347C-4D8A-A712-719F4BDE233C}.Release|Any CPU.ActiveCfg = Release|Any CPU
		{2E4ED5A2-347C-4D8A-A712-719F4BDE233C}.Release|Any CPU.Build.0 = Release|Any CPU
		{D03A2378-876A-4D56-92AF-1972EC2DA09D}.Debug|Any CPU.ActiveCfg = Debug|Any CPU
		{D03A2378-876A-4D56-92AF-1972EC2DA09D}.Debug|Any CPU.Build.0 = Debug|Any CPU
		{D03A2378-876A-4D56-92AF-1972EC2DA09D}.Release|Any CPU.ActiveCfg = Release|Any CPU
		{D03A2378-876A-4D56-92AF-1972EC2DA09D}.Release|Any CPU.Build.0 = Release|Any CPU
		{1E2F6EA3-5881-4777-9CAF-8B8788B0D187}.Debug|Any CPU.ActiveCfg = Debug|Any CPU
		{1E2F6EA3-5881-4777-9CAF-8B8788B0D187}.Debug|Any CPU.Build.0 = Debug|Any CPU
		{1E2F6EA3-5881-4777-9CAF-8B8788B0D187}.Release|Any CPU.ActiveCfg = Release|Any CPU
		{1E2F6EA3-5881-4777-9CAF-8B8788B0D187}.Release|Any CPU.Build.0 = Release|Any CPU
	EndGlobalSection
	GlobalSection(SolutionProperties) = preSolution
		HideSolutionNode = FALSE
	EndGlobalSection
	GlobalSection(ExtensibilityGlobals) = postSolution
		EnterpriseLibraryConfigurationToolBinariesPathV6 = packages\EnterpriseLibrary.TransientFaultHandling.6.0.1304.0\lib\portable-net45+win+wp8
	EndGlobalSection
EndGlobal
